<Solution>
  <Project Path="SteamKit2/SteamKit2/SteamKit2.csproj" />
  <Project Path="SteamKit2/Tests/Tests.csproj" />
  <Folder Name="/Resources/">
    <Project Path="Resources/NetHookAnalyzer2/NetHookAnalyzer2/NetHookAnalyzer2.csproj" />
    <Project Path="Resources/ProtobufDumper/ProtobufDumper/ProtobufDumper.csproj" />
    <Project Path="Resources/ProtobufGen/ProtobufGen/ProtobufGen.csproj" />
    <Project Path="Resources/SteamLanguageParser/SteamLanguageParser.csproj" />
  </Folder>
  <Folder Name="/Resources/Steam Language/">
    <File Path="Resources/SteamLanguage/emsg.steamd" />
    <File Path="Resources/SteamLanguage/enums.steamd" />
    <File Path="Resources/SteamLanguage/eresult.steamd" />
    <File Path="Resources/SteamLanguage/gamecoordinator.steamd" />
    <File Path="Resources/SteamLanguage/header.steamd" />
    <File Path="Resources/SteamLanguage/netheader.steamd" />
    <File Path="Resources/SteamLanguage/steammsg.steamd" />
  </Folder>
  <Folder Name="/Samples/">
    <Project Path="Samples/000_Authentication/000_Authentication.csproj" />
    <Project Path="Samples/001_AuthenticationWithQrCode/001_AuthenticationWithQrCode.csproj" />
    <Project Path="Samples/002_WebCookie/002_WebCookie.csproj" />
    <Project Path="Samples/003_ServerList/003_ServerList.csproj" />
    <Project Path="Samples/004_LegacyLogin/004_LegacyLogin.csproj" />
    <Project Path="Samples/005_LegacySteamGuard/005_LegacySteamGuard.csproj" />
    <Project Path="Samples/010_Extending/010_Extending.csproj" />
    <Project Path="Samples/011_DebugLog/011_DebugLog.csproj" />
    <Project Path="Samples/012_AsyncJobs/012_AsyncJobs.csproj" />
    <Project Path="Samples/013_UnifiedMessages/013_UnifiedMessages.csproj" />
    <Project Path="Samples/020_Friends/020_Friends.csproj" />
    <Project Path="Samples/021_WebAPI/021_WebAPI.csproj" />
    <Project Path="Samples/022_DotaMatchRequest/022_DotaMatchRequest.csproj" />
    <Project Path="Samples/999_TestBed/999_TestBed.csproj" />
  </Folder>
</Solution>
